Microsoft Visual Studio Solution File, Format Version 12.00
# Visual Studio Version 17
VisualStudioVersion = 17.5.2.0
MinimumVisualStudioVersion = 10.0.40219.1
Project("{2150E333-8FDC-42A3-9474-1A3956D46DE8}") = "boilerplate", "boilerplate", "{F7005693-9C98-2326-445B-CF81296243D0}"
EndProject
Project("{FAE04EC0-301F-11D3-BF4B-00C04F79EFBC}") = "rtms-sample", "boilerplate\working_dotnetcore\rtms-sample.csproj", "{D675133D-00A0-34BB-7B42-5F01C2C773AD}"
EndProject
Global
	GlobalSection(SolutionConfigurationPlatforms) = preSolution
		Debug|Any CPU = Debug|Any CPU
		Release|Any CPU = Release|Any CPU
	EndGlobalSection
	GlobalSection(ProjectConfigurationPlatforms) = postSolution
		{D675133D-00A0-34BB-7B42-5F01C2C773AD}.Debug|Any CPU.ActiveCfg = Debug|Any CPU
		{D675133D-00A0-34BB-7B42-5F01C2C773AD}.Debug|Any CPU.Build.0 = Debug|Any CPU
		{D675133D-00A0-34BB-7B42-5F01C2C773AD}.Release|Any CPU.ActiveCfg = Release|Any CPU
		{D675133D-00A0-34BB-7B42-5F01C2C773AD}.Release|Any CPU.Build.0 = Release|Any CPU
	EndGlobalSection
	GlobalSection(SolutionProperties) = preSolution
		HideSolutionNode = FALSE
	EndGlobalSection
	GlobalSection(NestedProjects) = preSolution
		{D675133D-00A0-34BB-7B42-5F01C2C773AD} = {F7005693-9C98-2326-445B-CF81296243D0}
	EndGlobalSection
	GlobalSection(ExtensibilityGlobals) = postSolution
		SolutionGuid = {63C8C96A-18E2-4A79-9687-417844CD0BE0}
	EndGlobalSection
EndGlobal
